
Microsoft Visual Studio Solution File, Format Version 12.00
# Visual Studio 2012
Project("{8BC9CEB8-8B4A-11D0-8D11-00A0C91BC942}") = "EpLibrary", "EpLibrary\EpLibrary110.vcxproj", "{D4B0C1D4-EEB7-4AFD-A932-E51261BE3976}"
EndProject
Global
	GlobalSection(SolutionConfigurationPlatforms) = preSolution
		Debug DLL Unicode|Win32 = Debug DLL Unicode|Win32
		Debug DLL|Win32 = Debug DLL|Win32
		Debug Unicode|Win32 = Debug Unicode|Win32
		Debug|Win32 = Debug|Win32
		Release DLL Unicode|Win32 = Release DLL Unicode|Win32
		Release DLL|Win32 = Release DLL|Win32
		Release Unicode|Win32 = Release Unicode|Win32
		Release|Win32 = Release|Win32
	EndGlobalSection
	GlobalSection(ProjectConfigurationPlatforms) = postSolution
		{D4B0C1D4-EEB7-4AFD-A932-E51261BE3976}.Debug DLL Unicode|Win32.ActiveCfg = Debug DLL Unicode|Win32
		{D4B0C1D4-EEB7-4AFD-A932-E51261BE3976}.Debug DLL Unicode|Win32.Build.0 = Debug DLL Unicode|Win32
		{D4B0C1D4-EEB7-4AFD-A932-E51261BE3976}.Debug DLL|Win32.ActiveCfg = Debug DLL|Win32
		{D4B0C1D4-EEB7-4AFD-A932-E51261BE3976}.Debug DLL|Win32.Build.0 = Debug DLL|Win32
		{D4B0C1D4-EEB7-4AFD-A932-E51261BE3976}.Debug Unicode|Win32.ActiveCfg = Debug Unicode|Win32
		{D4B0C1D4-EEB7-4AFD-A932-E51261BE3976}.Debug Unicode|Win32.Build.0 = Debug Unicode|Win32
		{D4B0C1D4-EEB7-4AFD-A932-E51261BE3976}.Debug|Win32.ActiveCfg = Debug|Win32
		{D4B0C1D4-EEB7-4AFD-A932-E51261BE3976}.Debug|Win32.Build.0 = Debug|Win32
		{D4B0C1D4-EEB7-4AFD-A932-E51261BE3976}.Release DLL Unicode|Win32.ActiveCfg = Release DLL Unicode|Win32
		{D4B0C1D4-EEB7-4AFD-A932-E51261BE3976}.Release DLL Unicode|Win32.Build.0 = Release DLL Unicode|Win32
		{D4B0C1D4-EEB7-4AFD-A932-E51261BE3976}.Release DLL|Win32.ActiveCfg = Release DLL|Win32
		{D4B0C1D4-EEB7-4AFD-A932-E51261BE3976}.Release DLL|Win32.Build.0 = Release DLL|Win32
		{D4B0C1D4-EEB7-4AFD-A932-E51261BE3976}.Release Unicode|Win32.ActiveCfg = Release Unicode|Win32
		{D4B0C1D4-EEB7-4AFD-A932-E51261BE3976}.Release Unicode|Win32.Build.0 = Release Unicode|Win32
		{D4B0C1D4-EEB7-4AFD-A932-E51261BE3976}.Release|Win32.ActiveCfg = Release|Win32
		{D4B0C1D4-EEB7-4AFD-A932-E51261BE3976}.Release|Win32.Build.0 = Release|Win32
	EndGlobalSection
	GlobalSection(SolutionProperties) = preSolution
		HideSolutionNode = FALSE
	EndGlobalSection
EndGlobal
